
Microsoft Visual Studio Solution File, Format Version 12.00
# Visual Studio 15
VisualStudioVersion = 15.0.26124.0
MinimumVisualStudioVersion = 15.0.26124.0
Project("{2150E333-8FDC-42A3-9474-1A3956D46DE8}") = "_Dependencies", "_Dependencies", "{98E093E8-E351-426A-8FE8-52C1812F6C42}"
EndProject
Project("{9A19103F-16F7-4668-BE54-9A1E7A4F7556}") = "R5T.Dacia.Extensions", "..\..\R5T.Dacia.Extensions\source\R5T.Dacia.Extensions\R5T.Dacia.Extensions.csproj", "{D0D7B946-BF34-4809-8F7F-0F9A2BE2DC52}"
EndProject
Project("{9A19103F-16F7-4668-BE54-9A1E7A4F7556}") = "R5T.Dacia", "..\..\R5T.Dacia\source\R5T.Dacia\R5T.Dacia.csproj", "{600C921C-0981-41E4-87D7-F9FD866D7B39}"
EndProject
Project("{9A19103F-16F7-4668-BE54-9A1E7A4F7556}") = "R5T.D0009.Base", "R5T.D0009.Base\R5T.D0009.Base.csproj", "{8B4261F4-F85A-4FB8-A60C-E83562954346}"
EndProject
Project("{9A19103F-16F7-4668-BE54-9A1E7A4F7556}") = "R5T.D0009.D0003", "R5T.D0009.D0003\R5T.D0009.D0003.csproj", "{A9374AB1-99A3-4E08-91FA-D8B8975BE42B}"
EndProject
Project("{9A19103F-16F7-4668-BE54-9A1E7A4F7556}") = "R5T.D0003.Base", "..\..\R5T.D0003\source\R5T.D0003.Base\R5T.D0003.Base.csproj", "{E4BC5E6A-8B30-4829-B8DC-55D91DA6254C}"
EndProject
Project("{9A19103F-16F7-4668-BE54-9A1E7A4F7556}") = "R5T.D0008.Base", "..\..\R5T.D0008\source\R5T.D0008.Base\R5T.D0008.Base.csproj", "{6FF51D30-2234-48C5-83A8-178D4CDE3783}"
EndProject
Project("{9A19103F-16F7-4668-BE54-9A1E7A4F7556}") = "R5T.T0064", "..\..\R5T.T0064\source\R5T.T0064\R5T.T0064.csproj", "{1AE5FAFF-F5D5-45D1-B98A-594502A2BCFE}"
EndProject
Global
	GlobalSection(SolutionConfigurationPlatforms) = preSolution
		Debug|Any CPU = Debug|Any CPU
		Debug|x64 = Debug|x64
		Debug|x86 = Debug|x86
		Release|Any CPU = Release|Any CPU
		Release|x64 = Release|x64
		Release|x86 = Release|x86
	EndGlobalSection
	GlobalSection(ProjectConfigurationPlatforms) = postSolution
		{D0D7B946-BF34-4809-8F7F-0F9A2BE2DC52}.Debug|Any CPU.ActiveCfg = Debug|Any CPU
		{D0D7B946-BF34-4809-8F7F-0F9A2BE2DC52}.Debug|Any CPU.Build.0 = Debug|Any CPU
		{D0D7B946-BF34-4809-8F7F-0F9A2BE2DC52}.Debug|x64.ActiveCfg = Debug|Any CPU
		{D0D7B946-BF34-4809-8F7F-0F9A2BE2DC52}.Debug|x64.Build.0 = Debug|Any CPU
		{D0D7B946-BF34-4809-8F7F-0F9A2BE2DC52}.Debug|x86.ActiveCfg = Debug|Any CPU
		{D0D7B946-BF34-4809-8F7F-0F9A2BE2DC52}.Debug|x86.Build.0 = Debug|Any CPU
		{D0D7B946-BF34-4809-8F7F-0F9A2BE2DC52}.Release|Any CPU.ActiveCfg = Release|Any CPU
		{D0D7B946-BF34-4809-8F7F-0F9A2BE2DC52}.Release|Any CPU.Build.0 = Release|Any CPU
		{D0D7B946-BF34-4809-8F7F-0F9A2BE2DC52}.Release|x64.ActiveCfg = Release|Any CPU
		{D0D7B946-BF34-4809-8F7F-0F9A2BE2DC52}.Release|x64.Build.0 = Release|Any CPU
		{D0D7B946-BF34-4809-8F7F-0F9A2BE2DC52}.Release|x86.ActiveCfg = Release|Any CPU
		{D0D7B946-BF34-4809-8F7F-0F9A2BE2DC52}.Release|x86.Build.0 = Release|Any CPU
		{600C921C-0981-41E4-87D7-F9FD866D7B39}.Debug|Any CPU.ActiveCfg = Debug|Any CPU
		{600C921C-0981-41E4-87D7-F9FD866D7B39}.Debug|Any CPU.Build.0 = Debug|Any CPU
		{600C921C-0981-41E4-87D7-F9FD866D7B39}.Debug|x64.ActiveCfg = Debug|Any CPU
		{600C921C-0981-41E4-87D7-F9FD866D7B39}.Debug|x64.Build.0 = Debug|Any CPU
		{600C921C-0981-41E4-87D7-F9FD866D7B39}.Debug|x86.ActiveCfg = Debug|Any CPU
		{600C921C-0981-41E4-87D7-F9FD866D7B39}.Debug|x86.Build.0 = Debug|Any CPU
		{600C921C-0981-41E4-87D7-F9FD866D7B39}.Release|Any CPU.ActiveCfg = Release|Any CPU
		{600C921C-0981-41E4-87D7-F9FD866D7B39}.Release|Any CPU.Build.0 = Release|Any CPU
		{600C921C-0981-41E4-87D7-F9FD866D7B39}.Release|x64.ActiveCfg = Release|Any CPU
		{600C921C-0981-41E4-87D7-F9FD866D7B39}.Release|x64.Build.0 = Release|Any CPU
		{600C921C-0981-41E4-87D7-F9FD866D7B39}.Release|x86.ActiveCfg = Release|Any CPU
		{600C921C-0981-41E4-87D7-F9FD866D7B39}.Release|x86.Build.0 = Release|Any CPU
		{8B4261F4-F85A-4FB8-A60C-E83562954346}.Debug|Any CPU.ActiveCfg = Debug|Any CPU
		{8B4261F4-F85A-4FB8-A60C-E83562954346}.Debug|Any CPU.Build.0 = Debug|Any CPU
		{8B4261F4-F85A-4FB8-A60C-E83562954346}.Debug|x64.ActiveCfg = Debug|Any CPU
		{8B4261F4-F85A-4FB8-A60C-E83562954346}.Debug|x64.Build.0 = Debug|Any CPU
		{8B4261F4-F85A-4FB8-A60C-E83562954346}.Debug|x86.ActiveCfg = Debug|Any CPU
		{8B4261F4-F85A-4FB8-A60C-E83562954346}.Debug|x86.Build.0 = Debug|Any CPU
		{8B4261F4-F85A-4FB8-A60C-E83562954346}.Release|Any CPU.ActiveCfg = Release|Any CPU
		{8B4261F4-F85A-4FB8-A60C-E83562954346}.Release|Any CPU.Build.0 = Release|Any CPU
		{8B4261F4-F85A-4FB8-A60C-E83562954346}.Release|x64.ActiveCfg = Release|Any CPU
		{8B4261F4-F85A-4FB8-A60C-E83562954346}.Release|x64.Build.0 = Release|Any CPU
		{8B4261F4-F85A-4FB8-A60C-E83562954346}.Release|x86.ActiveCfg = Release|Any CPU
		{8B4261F4-F85A-4FB8-A60C-E83562954346}.Release|x86.Build.0 = Release|Any CPU
		{A9374AB1-99A3-4E08-91FA-D8B8975BE42B}.Debug|Any CPU.ActiveCfg = Debug|Any CPU
		{A9374AB1-99A3-4E08-91FA-D8B8975BE42B}.Debug|Any CPU.Build.0 = Debug|Any CPU
		{A9374AB1-99A3-4E08-91FA-D8B8975BE42B}.Debug|x64.ActiveCfg = Debug|Any CPU
		{A9374AB1-99A3-4E08-91FA-D8B8975BE42B}.Debug|x64.Build.0 = Debug|Any CPU
		{A9374AB1-99A3-4E08-91FA-D8B8975BE42B}.Debug|x86.ActiveCfg = Debug|Any CPU
		{A9374AB1-99A3-4E08-91FA-D8B8975BE42B}.Debug|x86.Build.0 = Debug|Any CPU
		{A9374AB1-99A3-4E08-91FA-D8B8975BE42B}.Release|Any CPU.ActiveCfg = Release|Any CPU
		{A9374AB1-99A3-4E08-91FA-D8B8975BE42B}.Release|Any CPU.Build.0 = Release|Any CPU
		{A9374AB1-99A3-4E08-91FA-D8B8975BE42B}.Release|x64.ActiveCfg = Release|Any CPU
		{A9374AB1-99A3-4E08-91FA-D8B8975BE42B}.Release|x64.Build.0 = Release|Any CPU
		{A9374AB1-99A3-4E08-91FA-D8B8975BE42B}.Release|x86.ActiveCfg = Release|Any CPU
		{A9374AB1-99A3-4E08-91FA-D8B8975BE42B}.Release|x86.Build.0 = Release|Any CPU
		{E4BC5E6A-8B30-4829-B8DC-55D91DA6254C}.Debug|Any CPU.ActiveCfg = Debug|Any CPU
		{E4BC5E6A-8B30-4829-B8DC-55D91DA6254C}.Debug|Any CPU.Build.0 = Debug|Any CPU
		{E4BC5E6A-8B30-4829-B8DC-55D91DA6254C}.Debug|x64.ActiveCfg = Debug|Any CPU
		{E4BC5E6A-8B30-4829-B8DC-55D91DA6254C}.Debug|x64.Build.0 = Debug|Any CPU
		{E4BC5E6A-8B30-4829-B8DC-55D91DA6254C}.Debug|x86.ActiveCfg = Debug|Any CPU
		{E4BC5E6A-8B30-4829-B8DC-55D91DA6254C}.Debug|x86.Build.0 = Debug|Any CPU
		{E4BC5E6A-8B30-4829-B8DC-55D91DA6254C}.Release|Any CPU.ActiveCfg = Release|Any CPU
		{E4BC5E6A-8B30-4829-B8DC-55D91DA6254C}.Release|Any CPU.Build.0 = Release|Any CPU
		{E4BC5E6A-8B30-4829-B8DC-55D91DA6254C}.Release|x64.ActiveCfg = Release|Any CPU
		{E4BC5E6A-8B30-4829-B8DC-55D91DA6254C}.Release|x64.Build.0 = Release|Any CPU
		{E4BC5E6A-8B30-4829-B8DC-55D91DA6254C}.Release|x86.ActiveCfg = Release|Any CPU
		{E4BC5E6A-8B30-4829-B8DC-55D91DA6254C}.Release|x86.Build.0 = Release|Any CPU
		{6FF51D30-2234-48C5-83A8-178D4CDE3783}.Debug|Any CPU.ActiveCfg = Debug|Any CPU
		{6FF51D30-2234-48C5-83A8-178D4CDE3783}.Debug|Any CPU.Build.0 = Debug|Any CPU
		{6FF51D30-2234-48C5-83A8-178D4CDE3783}.Debug|x64.ActiveCfg = Debug|Any CPU
		{6FF51D30-2234-48C5-83A8-178D4CDE3783}.Debug|x64.Build.0 = Debug|Any CPU
		{6FF51D30-2234-48C5-83A8-178D4CDE3783}.Debug|x86.ActiveCfg = Debug|Any CPU
		{6FF51D30-2234-48C5-83A8-178D4CDE3783}.Debug|x86.Build.0 = Debug|Any CPU
		{6FF51D30-2234-48C5-83A8-178D4CDE3783}.Release|Any CPU.ActiveCfg = Release|Any CPU
		{6FF51D30-2234-48C5-83A8-178D4CDE3783}.Release|Any CPU.Build.0 = Release|Any CPU
		{6FF51D30-2234-48C5-83A8-178D4CDE3783}.Release|x64.ActiveCfg = Release|Any CPU
		{6FF51D30-2234-48C5-83A8-178D4CDE3783}.Release|x64.Build.0 = Release|Any CPU
		{6FF51D30-2234-48C5-83A8-178D4CDE3783}.Release|x86.ActiveCfg = Release|Any CPU
		{6FF51D30-2234-48C5-83A8-178D4CDE3783}.Release|x86.Build.0 = Release|Any CPU
		{1AE5FAFF-F5D5-45D1-B98A-594502A2BCFE}.Debug|Any CPU.ActiveCfg = Debug|Any CPU
		{1AE5FAFF-F5D5-45D1-B98A-594502A2BCFE}.Debug|Any CPU.Build.0 = Debug|Any CPU
		{1AE5FAFF-F5D5-45D1-B98A-594502A2BCFE}.Debug|x64.ActiveCfg = Debug|Any CPU
		{1AE5FAFF-F5D5-45D1-B98A-594502A2BCFE}.Debug|x64.Build.0 = Debug|Any CPU
		{1AE5FAFF-F5D5-45D1-B98A-594502A2BCFE}.Debug|x86.ActiveCfg = Debug|Any CPU
		{1AE5FAFF-F5D5-45D1-B98A-594502A2BCFE}.Debug|x86.Build.0 = Debug|Any CPU
		{1AE5FAFF-F5D5-45D1-B98A-594502A2BCFE}.Release|Any CPU.ActiveCfg = Release|Any CPU
		{1AE5FAFF-F5D5-45D1-B98A-594502A2BCFE}.Release|Any CPU.Build.0 = Release|Any CPU
		{1AE5FAFF-F5D5-45D1-B98A-594502A2BCFE}.Release|x64.ActiveCfg = Release|Any CPU
		{1AE5FAFF-F5D5-45D1-B98A-594502A2BCFE}.Release|x64.Build.0 = Release|Any CPU
		{1AE5FAFF-F5D5-45D1-B98A-594502A2BCFE}.Release|x86.ActiveCfg = Release|Any CPU
		{1AE5FAFF-F5D5-45D1-B98A-594502A2BCFE}.Release|x86.Build.0 = Release|Any CPU
	EndGlobalSection
	GlobalSection(SolutionProperties) = preSolution
		HideSolutionNode = FALSE
	EndGlobalSection
	GlobalSection(NestedProjects) = preSolution
		{D0D7B946-BF34-4809-8F7F-0F9A2BE2DC52} = {98E093E8-E351-426A-8FE8-52C1812F6C42}
		{600C921C-0981-41E4-87D7-F9FD866D7B39} = {98E093E8-E351-426A-8FE8-52C1812F6C42}
		{E4BC5E6A-8B30-4829-B8DC-55D91DA6254C} = {98E093E8-E351-426A-8FE8-52C1812F6C42}
		{6FF51D30-2234-48C5-83A8-178D4CDE3783} = {98E093E8-E351-426A-8FE8-52C1812F6C42}
		{1AE5FAFF-F5D5-45D1-B98A-594502A2BCFE} = {98E093E8-E351-426A-8FE8-52C1812F6C42}
	EndGlobalSection
	GlobalSection(ExtensibilityGlobals) = postSolution
		SolutionGuid = {25B85ECD-F550-487D-95BE-8B5F34FE59F1}
	EndGlobalSection
EndGlobal
